
Microsoft Visual Studio Solution File, Format Version 12.00
# Visual Studio Version 17
VisualStudioVersion = 17.0.31919.166
MinimumVisualStudioVersion = 10.0.40219.1
Project("{FAE04EC0-301F-11D3-BF4B-00C04F79EFBC}") = "ExampleProj", "ExampleProj\ExampleProj.csproj", "{5CAD6DE0-BEB0-4E20-80C6-A048A86DD79C}"
EndProject
Global
	GlobalSection(SolutionConfigurationPlatforms) = preSolution
		Debug|Any CPU = Debug|Any CPU
		Release|Any CPU = Release|Any CPU
	EndGlobalSection
	GlobalSection(ProjectConfigurationPlatforms) = postSolution
		{5CAD6DE0-BEB0-4E20-80C6-A048A86DD79C}.Debug|Any CPU.ActiveCfg = Debug|Any CPU
		{5CAD6DE0-BEB0-4E20-80C6-A048A86DD79C}.Debug|Any CPU.Build.0 = Debug|Any CPU
		{5CAD6DE0-BEB0-4E20-80C6-A048A86DD79C}.Release|Any CPU.ActiveCfg = Release|Any CPU
		{5CAD6DE0-BEB0-4E20-80C6-A048A86DD79C}.Release|Any CPU.Build.0 = Release|Any CPU
	EndGlobalSection
	GlobalSection(SolutionProperties) = preSolution
		HideSolutionNode = FALSE
	EndGlobalSection
	GlobalSection(ExtensibilityGlobals) = postSolution
		SolutionGuid = {E1C8AAC5-9031-4B28-9CC8-7E4592895A1E}
	EndGlobalSection
EndGlobal
